
Microsoft Visual Studio Solution File, Format Version 12.00
# Visual Studio Version 17
VisualStudioVersion = 17.8.34330.188
MinimumVisualStudioVersion = 10.0.40219.1
Project("{9A19103F-16F7-4668-BE54-9A1E7A4F7556}") = "Apps.Okapi", "Apps.Okapi\Apps.Okapi.csproj", "{EB25604E-8EBA-464E-BEDF-30EA95395AD3}"
EndProject
Project("{9A19103F-16F7-4668-BE54-9A1E7A4F7556}") = "Tests.Okapi", "Tests.Okapi\Tests.Okapi.csproj", "{6023FD60-EB0B-49D9-91C9-7AB45646BF78}"
EndProject
Global
	GlobalSection(SolutionConfigurationPlatforms) = preSolution
		Debug|Any CPU = Debug|Any CPU
		Release|Any CPU = Release|Any CPU
	EndGlobalSection
	GlobalSection(ProjectConfigurationPlatforms) = postSolution
		{EB25604E-8EBA-464E-BEDF-30EA95395AD3}.Debug|Any CPU.ActiveCfg = Debug|Any CPU
		{EB25604E-8EBA-464E-BEDF-30EA95395AD3}.Debug|Any CPU.Build.0 = Debug|Any CPU
		{EB25604E-8EBA-464E-BEDF-30EA95395AD3}.Release|Any CPU.ActiveCfg = Release|Any CPU
		{EB25604E-8EBA-464E-BEDF-30EA95395AD3}.Release|Any CPU.Build.0 = Release|Any CPU
		{6023FD60-EB0B-49D9-91C9-7AB45646BF78}.Debug|Any CPU.ActiveCfg = Debug|Any CPU
		{6023FD60-EB0B-49D9-91C9-7AB45646BF78}.Debug|Any CPU.Build.0 = Debug|Any CPU
		{6023FD60-EB0B-49D9-91C9-7AB45646BF78}.Release|Any CPU.ActiveCfg = Release|Any CPU
		{6023FD60-EB0B-49D9-91C9-7AB45646BF78}.Release|Any CPU.Build.0 = Release|Any CPU
	EndGlobalSection
	GlobalSection(SolutionProperties) = preSolution
		HideSolutionNode = FALSE
	EndGlobalSection
	GlobalSection(ExtensibilityGlobals) = postSolution
		SolutionGuid = {2B58C18C-4AD2-43ED-A6C6-CC14BF31E93D}
	EndGlobalSection
EndGlobal
